
Microsoft Visual Studio Solution File, Format Version 11.00
# Visual Studio 2010
Project("{FAE04EC0-301F-11D3-BF4B-00C04F79EFBC}") = "ReportService", "ReportService\ReportService.csproj", "{3B1789A5-663E-4F54-85D4-E03685BDFCBD}"
EndProject
Project("{FAE04EC0-301F-11D3-BF4B-00C04F79EFBC}") = "Host", "Host\Host.csproj", "{CBD1FA80-65C3-4314-A7B8-369440866A8B}"
EndProject
Global
	GlobalSection(SolutionConfigurationPlatforms) = preSolution
		Debug|Any CPU = Debug|Any CPU
		Debug|Mixed Platforms = Debug|Mixed Platforms
		Debug|x86 = Debug|x86
		Release|Any CPU = Release|Any CPU
		Release|Mixed Platforms = Release|Mixed Platforms
		Release|x86 = Release|x86
	EndGlobalSection
	GlobalSection(ProjectConfigurationPlatforms) = postSolution
		{3B1789A5-663E-4F54-85D4-E03685BDFCBD}.Debug|Any CPU.ActiveCfg = Debug|Any CPU
		{3B1789A5-663E-4F54-85D4-E03685BDFCBD}.Debug|Any CPU.Build.0 = Debug|Any CPU
		{3B1789A5-663E-4F54-85D4-E03685BDFCBD}.Debug|Mixed Platforms.ActiveCfg = Debug|Any CPU
		{3B1789A5-663E-4F54-85D4-E03685BDFCBD}.Debug|Mixed Platforms.Build.0 = Debug|Any CPU
		{3B1789A5-663E-4F54-85D4-E03685BDFCBD}.Debug|x86.ActiveCfg = Debug|Any CPU
		{3B1789A5-663E-4F54-85D4-E03685BDFCBD}.Release|Any CPU.ActiveCfg = Release|Any CPU
		{3B1789A5-663E-4F54-85D4-E03685BDFCBD}.Release|Any CPU.Build.0 = Release|Any CPU
		{3B1789A5-663E-4F54-85D4-E03685BDFCBD}.Release|Mixed Platforms.ActiveCfg = Release|Any CPU
		{3B1789A5-663E-4F54-85D4-E03685BDFCBD}.Release|Mixed Platforms.Build.0 = Release|Any CPU
		{3B1789A5-663E-4F54-85D4-E03685BDFCBD}.Release|x86.ActiveCfg = Release|Any CPU
		{CBD1FA80-65C3-4314-A7B8-369440866A8B}.Debug|Any CPU.ActiveCfg = Debug|x86
		{CBD1FA80-65C3-4314-A7B8-369440866A8B}.Debug|Mixed Platforms.ActiveCfg = Debug|x86
		{CBD1FA80-65C3-4314-A7B8-369440866A8B}.Debug|Mixed Platforms.Build.0 = Debug|x86
		{CBD1FA80-65C3-4314-A7B8-369440866A8B}.Debug|x86.ActiveCfg = Debug|x86
		{CBD1FA80-65C3-4314-A7B8-369440866A8B}.Debug|x86.Build.0 = Debug|x86
		{CBD1FA80-65C3-4314-A7B8-369440866A8B}.Release|Any CPU.ActiveCfg = Release|x86
		{CBD1FA80-65C3-4314-A7B8-369440866A8B}.Release|Mixed Platforms.ActiveCfg = Release|x86
		{CBD1FA80-65C3-4314-A7B8-369440866A8B}.Release|Mixed Platforms.Build.0 = Release|x86
		{CBD1FA80-65C3-4314-A7B8-369440866A8B}.Release|x86.ActiveCfg = Release|x86
		{CBD1FA80-65C3-4314-A7B8-369440866A8B}.Release|x86.Build.0 = Release|x86
	EndGlobalSection
	GlobalSection(SolutionProperties) = preSolution
		HideSolutionNode = FALSE
	EndGlobalSection
EndGlobal
