
Microsoft Visual Studio Solution File, Format Version 11.00
# Visual Studio 2010
Project("{FAE04EC0-301F-11D3-BF4B-00C04F79EFBC}") = "SimpleService", "SimpleService\SimpleService.csproj", "{DA67F62E-58C0-44D1-A4BD-E7C08FCD42CD}"
EndProject
Project("{FAE04EC0-301F-11D3-BF4B-00C04F79EFBC}") = "Host", "Host\Host.csproj", "{84C47A2C-69AB-40F6-A068-7C930D1762AA}"
EndProject
Global
	GlobalSection(SolutionConfigurationPlatforms) = preSolution
		Debug|Any CPU = Debug|Any CPU
		Debug|Mixed Platforms = Debug|Mixed Platforms
		Debug|x86 = Debug|x86
		Release|Any CPU = Release|Any CPU
		Release|Mixed Platforms = Release|Mixed Platforms
		Release|x86 = Release|x86
	EndGlobalSection
	GlobalSection(ProjectConfigurationPlatforms) = postSolution
		{DA67F62E-58C0-44D1-A4BD-E7C08FCD42CD}.Debug|Any CPU.ActiveCfg = Debug|Any CPU
		{DA67F62E-58C0-44D1-A4BD-E7C08FCD42CD}.Debug|Any CPU.Build.0 = Debug|Any CPU
		{DA67F62E-58C0-44D1-A4BD-E7C08FCD42CD}.Debug|Mixed Platforms.ActiveCfg = Debug|Any CPU
		{DA67F62E-58C0-44D1-A4BD-E7C08FCD42CD}.Debug|Mixed Platforms.Build.0 = Debug|Any CPU
		{DA67F62E-58C0-44D1-A4BD-E7C08FCD42CD}.Debug|x86.ActiveCfg = Debug|Any CPU
		{DA67F62E-58C0-44D1-A4BD-E7C08FCD42CD}.Release|Any CPU.ActiveCfg = Release|Any CPU
		{DA67F62E-58C0-44D1-A4BD-E7C08FCD42CD}.Release|Any CPU.Build.0 = Release|Any CPU
		{DA67F62E-58C0-44D1-A4BD-E7C08FCD42CD}.Release|Mixed Platforms.ActiveCfg = Release|Any CPU
		{DA67F62E-58C0-44D1-A4BD-E7C08FCD42CD}.Release|Mixed Platforms.Build.0 = Release|Any CPU
		{DA67F62E-58C0-44D1-A4BD-E7C08FCD42CD}.Release|x86.ActiveCfg = Release|Any CPU
		{84C47A2C-69AB-40F6-A068-7C930D1762AA}.Debug|Any CPU.ActiveCfg = Debug|x86
		{84C47A2C-69AB-40F6-A068-7C930D1762AA}.Debug|Mixed Platforms.ActiveCfg = Debug|x86
		{84C47A2C-69AB-40F6-A068-7C930D1762AA}.Debug|Mixed Platforms.Build.0 = Debug|x86
		{84C47A2C-69AB-40F6-A068-7C930D1762AA}.Debug|x86.ActiveCfg = Debug|x86
		{84C47A2C-69AB-40F6-A068-7C930D1762AA}.Debug|x86.Build.0 = Debug|x86
		{84C47A2C-69AB-40F6-A068-7C930D1762AA}.Release|Any CPU.ActiveCfg = Release|x86
		{84C47A2C-69AB-40F6-A068-7C930D1762AA}.Release|Mixed Platforms.ActiveCfg = Release|x86
		{84C47A2C-69AB-40F6-A068-7C930D1762AA}.Release|Mixed Platforms.Build.0 = Release|x86
		{84C47A2C-69AB-40F6-A068-7C930D1762AA}.Release|x86.ActiveCfg = Release|x86
		{84C47A2C-69AB-40F6-A068-7C930D1762AA}.Release|x86.Build.0 = Release|x86
	EndGlobalSection
	GlobalSection(SolutionProperties) = preSolution
		HideSolutionNode = FALSE
	EndGlobalSection
EndGlobal
